{
  "name": "practice-project",
  "version": "1.0.0",
  "lockfileVersion": 2,
  "requires": true,
  "packages": {
    "": {
      "name": "practice-project",
      "version": "1.0.0",
      "license": "MIT",
      "dependencies": {
        "@prisma/client": "^2.29.1"
      },
      "devDependencies": {
        "@types/node": "^16.7.1",
        "prisma": "^2.29.1",
        "ts-node": "^10.2.1",
        "typescript": "^4.3.5"
      }
    },
    "node_modules/@cspotcode/source-map-consumer": {
      "version": "0.8.0",
      "resolved": "https://registry.nlark.com/@cspotcode/source-map-consumer/download/@cspotcode/source-map-consumer-0.8.0.tgz",
      "integrity": "sha1-M79LeznBeIIWBvZpu8RHpqYpeGs=",
      "dev": true,
      "engines": {
        "node": ">= 12"
      }
    },
    "node_modules/@cspotcode/source-map-support": {
      "version": "0.6.1",
      "resolved": "https://registry.nlark.com/@cspotcode/source-map-support/download/@cspotcode/source-map-support-0.6.1.tgz?cache=0&sync_timestamp=1628464861456&other_urls=https%3A%2F%2Fregistry.nlark.com%2F%40cspotcode%2Fsource-map-support%2Fdownload%2F%40cspotcode%2Fsource-map-support-0.6.1.tgz",
      "integrity": "sha1-EYUR8xbi6H7kKUdhho4lTT2keWA=",
      "dev": true,
      "dependencies": {
        "@cspotcode/source-map-consumer": "0.8.0"
      },
      "engines": {
        "node": ">=12"
      }
    },
    "node_modules/@napi-rs/triples": {
      "version": "1.0.3",
      "resolved": "https://registry.nlark.com/@napi-rs/triples/download/@napi-rs/triples-1.0.3.tgz",
      "integrity": "sha1-dtbQw/TRYBPGHkXfyl/x5sMa5Tw=",
      "dev": true,
      "peer": true
    },
    "node_modules/@node-rs/helper": {
      "version": "1.2.1",
      "resolved": "https://registry.nlark.com/@node-rs/helper/download/@node-rs/helper-1.2.1.tgz",
      "integrity": "sha1-4HmwXyH/QynYLE4fccApDk7Nxww=",
      "dev": true,
      "peer": true,
      "dependencies": {
        "@napi-rs/triples": "^1.0.3"
      }
    },
    "node_modules/@prisma/client": {
      "version": "2.29.1",
      "resolved": "https://registry.nlark.com/@prisma/client/download/@prisma/client-2.29.1.tgz",
      "integrity": "sha1-p7kclkSADeTgCy98N4n/S65Cs9Y=",
      "dependencies": {
        "@prisma/engines-version": "2.29.0-34.1be4cd60b89afa04b192acb1ef47758a39810f3a"
      },
      "engines": {
        "node": ">=12.2"
      },
      "peerDependencies": {
        "prisma": "*"
      }
    },
    "node_modules/@prisma/engines": {
      "version": "2.29.0-34.1be4cd60b89afa04b192acb1ef47758a39810f3a",
      "resolved": "https://registry.nlark.com/@prisma/engines/download/@prisma/engines-2.29.0-34.1be4cd60b89afa04b192acb1ef47758a39810f3a.tgz",
      "integrity": "sha1-CkSm3L7n4KKFDqCGZ1qKT01if50="
    },
    "node_modules/@prisma/engines-version": {
      "version": "2.29.0-34.1be4cd60b89afa04b192acb1ef47758a39810f3a",
      "resolved": "https://registry.nlark.com/@prisma/engines-version/download/@prisma/engines-version-2.29.0-34.1be4cd60b89afa04b192acb1ef47758a39810f3a.tgz",
      "integrity": "sha1-ltuS8JcU1N0qXiEFTCi9HAgg+nc="
    },
    "node_modules/@swc/core": {
      "version": "1.2.80",
      "resolved": "https://registry.nlark.com/@swc/core/download/@swc/core-1.2.80.tgz?cache=0&sync_timestamp=1629378482483&other_urls=https%3A%2F%2Fregistry.nlark.com%2F%40swc%2Fcore%2Fdownload%2F%40swc%2Fcore-1.2.80.tgz",
      "integrity": "sha1-1nVCAOTxtIFefLvn2iZYM1TsajA=",
      "dev": true,
      "peer": true,
      "dependencies": {
        "@node-rs/helper": "^1.0.0"
      },
      "engines": {
        "node": ">=10"
      },
      "optionalDependencies": {
        "@swc/core-android-arm64": "^1.2.80",
        "@swc/core-darwin-arm64": "^1.2.80",
        "@swc/core-darwin-x64": "^1.2.80",
        "@swc/core-freebsd-x64": "^1.2.80",
        "@swc/core-linux-arm-gnueabihf": "^1.2.80",
        "@swc/core-linux-arm64-gnu": "^1.2.80",
        "@swc/core-linux-arm64-musl": "^1.2.80",
        "@swc/core-linux-x64-gnu": "^1.2.80",
        "@swc/core-linux-x64-musl": "^1.2.80",
        "@swc/core-win32-arm64-msvc": "^1.2.80",
        "@swc/core-win32-ia32-msvc": "^1.2.80",
        "@swc/core-win32-x64-msvc": "^1.2.80"
      }
    },
    "node_modules/@swc/core-android-arm64": {
      "version": "1.2.80",
      "resolved": "https://registry.nlark.com/@swc/core-android-arm64/download/@swc/core-android-arm64-1.2.80.tgz?cache=0&sync_timestamp=1629378481012&other_urls=https%3A%2F%2Fregistry.nlark.com%2F%40swc%2Fcore-android-arm64%2Fdownload%2F%40swc%2Fcore-android-arm64-1.2.80.tgz",
      "integrity": "sha1-cSFYkYyTXd+gxePaxCdzGqg5a1A=",
      "dev": true,
      "optional": true,
      "peer": true,
      "engines": {
        "node": ">=10"
      }
    },
    "node_modules/@swc/core-darwin-arm64": {
      "version": "1.2.80",
      "resolved": "https://registry.nlark.com/@swc/core-darwin-arm64/download/@swc/core-darwin-arm64-1.2.80.tgz?cache=0&sync_timestamp=1629378480796&other_urls=https%3A%2F%2Fregistry.nlark.com%2F%40swc%2Fcore-darwin-arm64%2Fdownload%2F%40swc%2Fcore-darwin-arm64-1.2.80.tgz",
      "integrity": "sha1-NuwPdd67ZgdNiRQkII5fdDeJ74o=",
      "dev": true,
      "optional": true,
      "peer": true,
      "engines": {
        "node": ">=10"
      }
    },
    "node_modules/@swc/core-darwin-x64": {
      "version": "1.2.80",
      "resolved": "https://registry.nlark.com/@swc/core-darwin-x64/download/@swc/core-darwin-x64-1.2.80.tgz?cache=0&sync_timestamp=1629378479324&other_urls=https%3A%2F%2Fregistry.nlark.com%2F%40swc%2Fcore-darwin-x64%2Fdownload%2F%40swc%2Fcore-darwin-x64-1.2.80.tgz",
      "integrity": "sha1-eVqZCfALdg1bnAXrmQfNffvct18=",
      "dev": true,
      "optional": true,
      "peer": true,
      "engines": {
        "node": ">=10"
      }
    },
    "node_modules/@swc/core-freebsd-x64": {
      "version": "1.2.80",
      "resolved": "https://registry.nlark.com/@swc/core-freebsd-x64/download/@swc/core-freebsd-x64-1.2.80.tgz?cache=0&sync_timestamp=1629378481370&other_urls=https%3A%2F%2Fregistry.nlark.com%2F%40swc%2Fcore-freebsd-x64%2Fdownload%2F%40swc%2Fcore-freebsd-x64-1.2.80.tgz",
      "integrity": "sha1-Tor9YtKRbv5G9bIMZPOltwdcKqU=",
      "dev": true,
      "optional": true,
      "peer": true,
      "engines": {
        "node": ">=10"
      }
    },
    "node_modules/@swc/core-linux-arm-gnueabihf": {
      "version": "1.2.80",
      "resolved": "https://registry.nlark.com/@swc/core-linux-arm-gnueabihf/download/@swc/core-linux-arm-gnueabihf-1.2.80.tgz?cache=0&sync_timestamp=1629378480569&other_urls=https%3A%2F%2Fregistry.nlark.com%2F%40swc%2Fcore-linux-arm-gnueabihf%2Fdownload%2F%40swc%2Fcore-linux-arm-gnueabihf-1.2.80.tgz",
      "integrity": "sha1-IWectxDEzV8z4wnRrYRpAWluD98=",
      "dev": true,
      "optional": true,
      "peer": true,
      "engines": {
        "node": ">=10"
      }
    },
    "node_modules/@swc/core-linux-arm64-gnu": {
      "version": "1.2.80",
      "resolved": "https://registry.nlark.com/@swc/core-linux-arm64-gnu/download/@swc/core-linux-arm64-gnu-1.2.80.tgz?cache=0&sync_timestamp=1629378480246&other_urls=https%3A%2F%2Fregistry.nlark.com%2F%40swc%2Fcore-linux-arm64-gnu%2Fdownload%2F%40swc%2Fcore-linux-arm64-gnu-1.2.80.tgz",
      "integrity": "sha1-hmwOdEseDcb4cmTerFbuQ1n7Au8=",
      "dev": true,
      "optional": true,
      "peer": true,
      "engines": {
        "node": ">=10"
      }
    },
    "node_modules/@swc/core-linux-arm64-musl": {
      "version": "1.2.80",
      "resolved": "https://registry.nlark.com/@swc/core-linux-arm64-musl/download/@swc/core-linux-arm64-musl-1.2.80.tgz?cache=0&sync_timestamp=1629378481589&other_urls=https%3A%2F%2Fregistry.nlark.com%2F%40swc%2Fcore-linux-arm64-musl%2Fdownload%2F%40swc%2Fcore-linux-arm64-musl-1.2.80.tgz",
      "integrity": "sha1-45Kmr9+BzrpyyfpJHjEYVuTpWI4=",
      "dev": true,
      "optional": true,
      "peer": true,
      "engines": {
        "node": ">=10"
      }
    },
    "node_modules/@swc/core-linux-x64-gnu": {
      "version": "1.2.80",
      "resolved": "https://registry.nlark.com/@swc/core-linux-x64-gnu/download/@swc/core-linux-x64-gnu-1.2.80.tgz?cache=0&sync_timestamp=1629378479551&other_urls=https%3A%2F%2Fregistry.nlark.com%2F%40swc%2Fcore-linux-x64-gnu%2Fdownload%2F%40swc%2Fcore-linux-x64-gnu-1.2.80.tgz",
      "integrity": "sha1-xxS+DGwVH8uBflJfBDplQecXRAM=",
      "dev": true,
      "optional": true,
      "peer": true,
      "engines": {
        "node": ">=10"
      }
    },
    "node_modules/@swc/core-linux-x64-musl": {
      "version": "1.2.80",
      "resolved": "https://registry.nlark.com/@swc/core-linux-x64-musl/download/@swc/core-linux-x64-musl-1.2.80.tgz?cache=0&sync_timestamp=1629378479781&other_urls=https%3A%2F%2Fregistry.nlark.com%2F%40swc%2Fcore-linux-x64-musl%2Fdownload%2F%40swc%2Fcore-linux-x64-musl-1.2.80.tgz",
      "integrity": "sha1-hAcK61m6wQSq9Z+Uz/Kri+KPQws=",
      "dev": true,
      "optional": true,
      "peer": true,
      "engines": {
        "node": ">=10"
      }
    },
    "node_modules/@swc/core-win32-arm64-msvc": {
      "version": "1.2.80",
      "resolved": "https://registry.nlark.com/@swc/core-win32-arm64-msvc/download/@swc/core-win32-arm64-msvc-1.2.80.tgz?cache=0&sync_timestamp=1629378482034&other_urls=https%3A%2F%2Fregistry.nlark.com%2F%40swc%2Fcore-win32-arm64-msvc%2Fdownload%2F%40swc%2Fcore-win32-arm64-msvc-1.2.80.tgz",
      "integrity": "sha1-9OrKDXCTqHa3Z1dKpGLGPRpSVJM=",
      "dev": true,
      "optional": true,
      "peer": true,
      "engines": {
        "node": ">=10"
      }
    },
    "node_modules/@swc/core-win32-ia32-msvc": {
      "version": "1.2.80",
      "resolved": "https://registry.nlark.com/@swc/core-win32-ia32-msvc/download/@swc/core-win32-ia32-msvc-1.2.80.tgz?cache=0&sync_timestamp=1629378480014&other_urls=https%3A%2F%2Fregistry.nlark.com%2F%40swc%2Fcore-win32-ia32-msvc%2Fdownload%2F%40swc%2Fcore-win32-ia32-msvc-1.2.80.tgz",
      "integrity": "sha1-6GgFe0/t5DOWS0zY5AS/2hMWIac=",
      "dev": true,
      "optional": true,
      "peer": true,
      "engines": {
        "node": ">=10"
      }
    },
    "node_modules/@swc/core-win32-x64-msvc": {
      "version": "1.2.80",
      "resolved": "https://registry.nlark.com/@swc/core-win32-x64-msvc/download/@swc/core-win32-x64-msvc-1.2.80.tgz?cache=0&sync_timestamp=1629378479120&other_urls=https%3A%2F%2Fregistry.nlark.com%2F%40swc%2Fcore-win32-x64-msvc%2Fdownload%2F%40swc%2Fcore-win32-x64-msvc-1.2.80.tgz",
      "integrity": "sha1-lh1MB9oz2nDxAqpZJvEBhTKgI0k=",
      "dev": true,
      "optional": true,
      "peer": true,
      "engines": {
        "node": ">=10"
      }
    },
    "node_modules/@swc/wasm": {
      "version": "1.2.80",
      "resolved": "https://registry.nlark.com/@swc/wasm/download/@swc/wasm-1.2.80.tgz",
      "integrity": "sha1-xraZuK2j4lUffR/B+kAZ3S4kcOI=",
      "dev": true,
      "peer": true
    },
    "node_modules/@tsconfig/node10": {
      "version": "1.0.8",
      "resolved": "https://registry.nlark.com/@tsconfig/node10/download/@tsconfig/node10-1.0.8.tgz?cache=0&sync_timestamp=1623230253873&other_urls=https%3A%2F%2Fregistry.nlark.com%2F%40tsconfig%2Fnode10%2Fdownload%2F%40tsconfig%2Fnode10-1.0.8.tgz",
      "integrity": "sha1-weToDW+WT77LM1nEO9SLQPfK2tk=",
      "dev": true
    },
    "node_modules/@tsconfig/node12": {
      "version": "1.0.9",
      "resolved": "https://registry.nlark.com/@tsconfig/node12/download/@tsconfig/node12-1.0.9.tgz",
      "integrity": "sha1-YsH23uLr2a6tgNw6+laBDljhoEw=",
      "dev": true
    },
    "node_modules/@tsconfig/node14": {
      "version": "1.0.1",
      "resolved": "https://registry.nlark.com/@tsconfig/node14/download/@tsconfig/node14-1.0.1.tgz",
      "integrity": "sha1-lfLRZ/+5uNIGiwsjUwL6/U33EfI=",
      "dev": true
    },
    "node_modules/@tsconfig/node16": {
      "version": "1.0.2",
      "resolved": "https://registry.nlark.com/@tsconfig/node16/download/@tsconfig/node16-1.0.2.tgz?cache=0&sync_timestamp=1626841076688&other_urls=https%3A%2F%2Fregistry.nlark.com%2F%40tsconfig%2Fnode16%2Fdownload%2F%40tsconfig%2Fnode16-1.0.2.tgz",
      "integrity": "sha1-Qjx3h30Fadsg4fyAiFrEEYMUAQ4=",
      "dev": true
    },
    "node_modules/@types/node": {
      "version": "16.7.1",
      "resolved": "https://registry.nlark.com/@types/node/download/@types/node-16.7.1.tgz",
      "integrity": "sha1-xrkZgXjaUE38of0L6bLhAC8VhvA=",
      "dev": true
    },
    "node_modules/acorn": {
      "version": "8.4.1",
      "resolved": "https://registry.nlark.com/acorn/download/acorn-8.4.1.tgz?cache=0&sync_timestamp=1624526855420&other_urls=https%3A%2F%2Fregistry.nlark.com%2Facorn%2Fdownload%2Facorn-8.4.1.tgz",
      "integrity": "sha1-VsNiUfx8q8cJatwY8Fr+gUMhoow=",
      "dev": true,
      "bin": {
        "acorn": "bin/acorn"
      },
      "engines": {
        "node": ">=0.4.0"
      }
    },
    "node_modules/acorn-walk": {
      "version": "8.1.1",
      "resolved": "https://registry.nlark.com/acorn-walk/download/acorn-walk-8.1.1.tgz?cache=0&sync_timestamp=1624951990736&other_urls=https%3A%2F%2Fregistry.nlark.com%2Facorn-walk%2Fdownload%2Facorn-walk-8.1.1.tgz",
      "integrity": "sha1-Pdq3+E5KfiMT9sQUxbfayF9OPrw=",
      "dev": true,
      "engines": {
        "node": ">=0.4.0"
      }
    },
    "node_modules/arg": {
      "version": "4.1.3",
      "resolved": "https://registry.nlark.com/arg/download/arg-4.1.3.tgz?cache=0&sync_timestamp=1629166495886&other_urls=https%3A%2F%2Fregistry.nlark.com%2Farg%2Fdownload%2Farg-4.1.3.tgz",
      "integrity": "sha1-Jp/HrVuOQstjyJbVZmAXJhwUQIk=",
      "dev": true
    },
    "node_modules/create-require": {
      "version": "1.1.1",
      "resolved": "https://registry.nlark.com/create-require/download/create-require-1.1.1.tgz",
      "integrity": "sha1-wdfo8eX2z8n/ZfnNNS03NIdWwzM=",
      "dev": true
    },
    "node_modules/diff": {
      "version": "4.0.2",
      "resolved": "https://registry.nlark.com/diff/download/diff-4.0.2.tgz",
      "integrity": "sha1-YPOuy4nV+uUgwRqhnvwruYKq3n0=",
      "dev": true,
      "engines": {
        "node": ">=0.3.1"
      }
    },
    "node_modules/make-error": {
      "version": "1.3.6",
      "resolved": "https://registry.nlark.com/make-error/download/make-error-1.3.6.tgz",
      "integrity": "sha1-LrLjfqm2fEiR9oShOUeZr0hM96I=",
      "dev": true
    },
    "node_modules/prisma": {
      "version": "2.29.1",
      "resolved": "https://registry.nlark.com/prisma/download/prisma-2.29.1.tgz?cache=0&sync_timestamp=1629727954894&other_urls=https%3A%2F%2Fregistry.nlark.com%2Fprisma%2Fdownload%2Fprisma-2.29.1.tgz",
      "integrity": "sha1-eEX1XH8JlVsB+XPGpLHzMMshLn0=",
      "dependencies": {
        "@prisma/engines": "2.29.0-34.1be4cd60b89afa04b192acb1ef47758a39810f3a"
      },
      "bin": {
        "prisma": "build/index.js",
        "prisma2": "build/index.js"
      },
      "engines": {
        "node": ">=12.2"
      }
    },
    "node_modules/ts-node": {
      "version": "10.2.1",
      "resolved": "https://registry.nlark.com/ts-node/download/ts-node-10.2.1.tgz?cache=0&sync_timestamp=1629307547797&other_urls=https%3A%2F%2Fregistry.nlark.com%2Fts-node%2Fdownload%2Fts-node-10.2.1.tgz",
      "integrity": "sha1-TMk76gp6uiF5SX5luwjd/BmLOrU=",
      "dev": true,
      "dependencies": {
        "@cspotcode/source-map-support": "0.6.1",
        "@tsconfig/node10": "^1.0.7",
        "@tsconfig/node12": "^1.0.7",
        "@tsconfig/node14": "^1.0.0",
        "@tsconfig/node16": "^1.0.2",
        "acorn": "^8.4.1",
        "acorn-walk": "^8.1.1",
        "arg": "^4.1.0",
        "create-require": "^1.1.0",
        "diff": "^4.0.1",
        "make-error": "^1.1.1",
        "yn": "3.1.1"
      },
      "bin": {
        "ts-node": "dist/bin.js",
        "ts-node-cwd": "dist/bin-cwd.js",
        "ts-node-script": "dist/bin-script.js",
        "ts-node-transpile-only": "dist/bin-transpile.js",
        "ts-script": "dist/bin-script-deprecated.js"
      },
      "engines": {
        "node": ">=12.0.0"
      },
      "peerDependencies": {
        "@swc/core": ">=1.2.50",
        "@swc/wasm": ">=1.2.50",
        "@types/node": "*",
        "typescript": ">=2.7"
      }
    },
    "node_modules/typescript": {
      "version": "4.3.5",
      "resolved": "https://registry.nlark.com/typescript/download/typescript-4.3.5.tgz?cache=0&sync_timestamp=1629703122920&other_urls=https%3A%2F%2Fregistry.nlark.com%2Ftypescript%2Fdownload%2Ftypescript-4.3.5.tgz",
      "integrity": "sha1-TRw3zBbok5c8RaBohrcRMjTxGfQ=",
      "dev": true,
      "bin": {
        "tsc": "bin/tsc",
        "tsserver": "bin/tsserver"
      },
      "engines": {
        "node": ">=4.2.0"
      }
    },
    "node_modules/yn": {
      "version": "3.1.1",
      "resolved": "https://registry.nlark.com/yn/download/yn-3.1.1.tgz",
      "integrity": "sha1-HodAGgnXZ8HV6rJqbkwYUYLS61A=",
      "dev": true,
      "engines": {
        "node": ">=6"
      }
    }
  },
  "dependencies": {
    "@cspotcode/source-map-consumer": {
      "version": "0.8.0",
      "resolved": "https://registry.nlark.com/@cspotcode/source-map-consumer/download/@cspotcode/source-map-consumer-0.8.0.tgz",
      "integrity": "sha1-M79LeznBeIIWBvZpu8RHpqYpeGs=",
      "dev": true
    },
    "@cspotcode/source-map-support": {
      "version": "0.6.1",
      "resolved": "https://registry.nlark.com/@cspotcode/source-map-support/download/@cspotcode/source-map-support-0.6.1.tgz?cache=0&sync_timestamp=1628464861456&other_urls=https%3A%2F%2Fregistry.nlark.com%2F%40cspotcode%2Fsource-map-support%2Fdownload%2F%40cspotcode%2Fsource-map-support-0.6.1.tgz",
      "integrity": "sha1-EYUR8xbi6H7kKUdhho4lTT2keWA=",
      "dev": true,
      "requires": {
        "@cspotcode/source-map-consumer": "0.8.0"
      }
    },
    "@napi-rs/triples": {
      "version": "1.0.3",
      "resolved": "https://registry.nlark.com/@napi-rs/triples/download/@napi-rs/triples-1.0.3.tgz",
      "integrity": "sha1-dtbQw/TRYBPGHkXfyl/x5sMa5Tw=",
      "dev": true,
      "peer": true
    },
    "@node-rs/helper": {
      "version": "1.2.1",
      "resolved": "https://registry.nlark.com/@node-rs/helper/download/@node-rs/helper-1.2.1.tgz",
      "integrity": "sha1-4HmwXyH/QynYLE4fccApDk7Nxww=",
      "dev": true,
      "peer": true,
      "requires": {
        "@napi-rs/triples": "^1.0.3"
      }
    },
    "@prisma/client": {
      "version": "2.29.1",
      "resolved": "https://registry.nlark.com/@prisma/client/download/@prisma/client-2.29.1.tgz",
      "integrity": "sha1-p7kclkSADeTgCy98N4n/S65Cs9Y=",
      "requires": {
        "@prisma/engines-version": "2.29.0-34.1be4cd60b89afa04b192acb1ef47758a39810f3a"
      }
    },
    "@prisma/engines": {
      "version": "2.29.0-34.1be4cd60b89afa04b192acb1ef47758a39810f3a",
      "resolved": "https://registry.nlark.com/@prisma/engines/download/@prisma/engines-2.29.0-34.1be4cd60b89afa04b192acb1ef47758a39810f3a.tgz",
      "integrity": "sha1-CkSm3L7n4KKFDqCGZ1qKT01if50="
    },
    "@prisma/engines-version": {
      "version": "2.29.0-34.1be4cd60b89afa04b192acb1ef47758a39810f3a",
      "resolved": "https://registry.nlark.com/@prisma/engines-version/download/@prisma/engines-version-2.29.0-34.1be4cd60b89afa04b192acb1ef47758a39810f3a.tgz",
      "integrity": "sha1-ltuS8JcU1N0qXiEFTCi9HAgg+nc="
    },
    "@swc/core": {
      "version": "1.2.80",
      "resolved": "https://registry.nlark.com/@swc/core/download/@swc/core-1.2.80.tgz?cache=0&sync_timestamp=1629378482483&other_urls=https%3A%2F%2Fregistry.nlark.com%2F%40swc%2Fcore%2Fdownload%2F%40swc%2Fcore-1.2.80.tgz",
      "integrity": "sha1-1nVCAOTxtIFefLvn2iZYM1TsajA=",
      "dev": true,
      "peer": true,
      "requires": {
        "@node-rs/helper": "^1.0.0",
        "@swc/core-android-arm64": "^1.2.80",
        "@swc/core-darwin-arm64": "^1.2.80",
        "@swc/core-darwin-x64": "^1.2.80",
        "@swc/core-freebsd-x64": "^1.2.80",
        "@swc/core-linux-arm-gnueabihf": "^1.2.80",
        "@swc/core-linux-arm64-gnu": "^1.2.80",
        "@swc/core-linux-arm64-musl": "^1.2.80",
        "@swc/core-linux-x64-gnu": "^1.2.80",
        "@swc/core-linux-x64-musl": "^1.2.80",
        "@swc/core-win32-arm64-msvc": "^1.2.80",
        "@swc/core-win32-ia32-msvc": "^1.2.80",
        "@swc/core-win32-x64-msvc": "^1.2.80"
      }
    },
    "@swc/core-android-arm64": {
      "version": "1.2.80",
      "resolved": "https://registry.nlark.com/@swc/core-android-arm64/download/@swc/core-android-arm64-1.2.80.tgz?cache=0&sync_timestamp=1629378481012&other_urls=https%3A%2F%2Fregistry.nlark.com%2F%40swc%2Fcore-android-arm64%2Fdownload%2F%40swc%2Fcore-android-arm64-1.2.80.tgz",
      "integrity": "sha1-cSFYkYyTXd+gxePaxCdzGqg5a1A=",
      "dev": true,
      "optional": true,
      "peer": true
    },
    "@swc/core-darwin-arm64": {
      "version": "1.2.80",
      "resolved": "https://registry.nlark.com/@swc/core-darwin-arm64/download/@swc/core-darwin-arm64-1.2.80.tgz?cache=0&sync_timestamp=1629378480796&other_urls=https%3A%2F%2Fregistry.nlark.com%2F%40swc%2Fcore-darwin-arm64%2Fdownload%2F%40swc%2Fcore-darwin-arm64-1.2.80.tgz",
      "integrity": "sha1-NuwPdd67ZgdNiRQkII5fdDeJ74o=",
      "dev": true,
      "optional": true,
      "peer": true
    },
    "@swc/core-darwin-x64": {
      "version": "1.2.80",
      "resolved": "https://registry.nlark.com/@swc/core-darwin-x64/download/@swc/core-darwin-x64-1.2.80.tgz?cache=0&sync_timestamp=1629378479324&other_urls=https%3A%2F%2Fregistry.nlark.com%2F%40swc%2Fcore-darwin-x64%2Fdownload%2F%40swc%2Fcore-darwin-x64-1.2.80.tgz",
      "integrity": "sha1-eVqZCfALdg1bnAXrmQfNffvct18=",
      "dev": true,
      "optional": true,
      "peer": true
    },
    "@swc/core-freebsd-x64": {
      "version": "1.2.80",
      "resolved": "https://registry.nlark.com/@swc/core-freebsd-x64/download/@swc/core-freebsd-x64-1.2.80.tgz?cache=0&sync_timestamp=1629378481370&other_urls=https%3A%2F%2Fregistry.nlark.com%2F%40swc%2Fcore-freebsd-x64%2Fdownload%2F%40swc%2Fcore-freebsd-x64-1.2.80.tgz",
      "integrity": "sha1-Tor9YtKRbv5G9bIMZPOltwdcKqU=",
      "dev": true,
      "optional": true,
      "peer": true
    },
    "@swc/core-linux-arm-gnueabihf": {
      "version": "1.2.80",
      "resolved": "https://registry.nlark.com/@swc/core-linux-arm-gnueabihf/download/@swc/core-linux-arm-gnueabihf-1.2.80.tgz?cache=0&sync_timestamp=1629378480569&other_urls=https%3A%2F%2Fregistry.nlark.com%2F%40swc%2Fcore-linux-arm-gnueabihf%2Fdownload%2F%40swc%2Fcore-linux-arm-gnueabihf-1.2.80.tgz",
      "integrity": "sha1-IWectxDEzV8z4wnRrYRpAWluD98=",
      "dev": true,
      "optional": true,
      "peer": true
    },
    "@swc/core-linux-arm64-gnu": {
      "version": "1.2.80",
      "resolved": "https://registry.nlark.com/@swc/core-linux-arm64-gnu/download/@swc/core-linux-arm64-gnu-1.2.80.tgz?cache=0&sync_timestamp=1629378480246&other_urls=https%3A%2F%2Fregistry.nlark.com%2F%40swc%2Fcore-linux-arm64-gnu%2Fdownload%2F%40swc%2Fcore-linux-arm64-gnu-1.2.80.tgz",
      "integrity": "sha1-hmwOdEseDcb4cmTerFbuQ1n7Au8=",
      "dev": true,
      "optional": true,
      "peer": true
    },
    "@swc/core-linux-arm64-musl": {
      "version": "1.2.80",
      "resolved": "https://registry.nlark.com/@swc/core-linux-arm64-musl/download/@swc/core-linux-arm64-musl-1.2.80.tgz?cache=0&sync_timestamp=1629378481589&other_urls=https%3A%2F%2Fregistry.nlark.com%2F%40swc%2Fcore-linux-arm64-musl%2Fdownload%2F%40swc%2Fcore-linux-arm64-musl-1.2.80.tgz",
      "integrity": "sha1-45Kmr9+BzrpyyfpJHjEYVuTpWI4=",
      "dev": true,
      "optional": true,
      "peer": true
    },
    "@swc/core-linux-x64-gnu": {
      "version": "1.2.80",
      "resolved": "https://registry.nlark.com/@swc/core-linux-x64-gnu/download/@swc/core-linux-x64-gnu-1.2.80.tgz?cache=0&sync_timestamp=1629378479551&other_urls=https%3A%2F%2Fregistry.nlark.com%2F%40swc%2Fcore-linux-x64-gnu%2Fdownload%2F%40swc%2Fcore-linux-x64-gnu-1.2.80.tgz",
      "integrity": "sha1-xxS+DGwVH8uBflJfBDplQecXRAM=",
      "dev": true,
      "optional": true,
      "peer": true
    },
    "@swc/core-linux-x64-musl": {
      "version": "1.2.80",
      "resolved": "https://registry.nlark.com/@swc/core-linux-x64-musl/download/@swc/core-linux-x64-musl-1.2.80.tgz?cache=0&sync_timestamp=1629378479781&other_urls=https%3A%2F%2Fregistry.nlark.com%2F%40swc%2Fcore-linux-x64-musl%2Fdownload%2F%40swc%2Fcore-linux-x64-musl-1.2.80.tgz",
      "integrity": "sha1-hAcK61m6wQSq9Z+Uz/Kri+KPQws=",
      "dev": true,
      "optional": true,
      "peer": true
    },
    "@swc/core-win32-arm64-msvc": {
      "version": "1.2.80",
      "resolved": "https://registry.nlark.com/@swc/core-win32-arm64-msvc/download/@swc/core-win32-arm64-msvc-1.2.80.tgz?cache=0&sync_timestamp=1629378482034&other_urls=https%3A%2F%2Fregistry.nlark.com%2F%40swc%2Fcore-win32-arm64-msvc%2Fdownload%2F%40swc%2Fcore-win32-arm64-msvc-1.2.80.tgz",
      "integrity": "sha1-9OrKDXCTqHa3Z1dKpGLGPRpSVJM=",
      "dev": true,
      "optional": true,
      "peer": true
    },
    "@swc/core-win32-ia32-msvc": {
      "version": "1.2.80",
      "resolved": "https://registry.nlark.com/@swc/core-win32-ia32-msvc/download/@swc/core-win32-ia32-msvc-1.2.80.tgz?cache=0&sync_timestamp=1629378480014&other_urls=https%3A%2F%2Fregistry.nlark.com%2F%40swc%2Fcore-win32-ia32-msvc%2Fdownload%2F%40swc%2Fcore-win32-ia32-msvc-1.2.80.tgz",
      "integrity": "sha1-6GgFe0/t5DOWS0zY5AS/2hMWIac=",
      "dev": true,
      "optional": true,
      "peer": true
    },
    "@swc/core-win32-x64-msvc": {
      "version": "1.2.80",
      "resolved": "https://registry.nlark.com/@swc/core-win32-x64-msvc/download/@swc/core-win32-x64-msvc-1.2.80.tgz?cache=0&sync_timestamp=1629378479120&other_urls=https%3A%2F%2Fregistry.nlark.com%2F%40swc%2Fcore-win32-x64-msvc%2Fdownload%2F%40swc%2Fcore-win32-x64-msvc-1.2.80.tgz",
      "integrity": "sha1-lh1MB9oz2nDxAqpZJvEBhTKgI0k=",
      "dev": true,
      "optional": true,
      "peer": true
    },
    "@swc/wasm": {
      "version": "1.2.80",
      "resolved": "https://registry.nlark.com/@swc/wasm/download/@swc/wasm-1.2.80.tgz",
      "integrity": "sha1-xraZuK2j4lUffR/B+kAZ3S4kcOI=",
      "dev": true,
      "peer": true
    },
    "@tsconfig/node10": {
      "version": "1.0.8",
      "resolved": "https://registry.nlark.com/@tsconfig/node10/download/@tsconfig/node10-1.0.8.tgz?cache=0&sync_timestamp=1623230253873&other_urls=https%3A%2F%2Fregistry.nlark.com%2F%40tsconfig%2Fnode10%2Fdownload%2F%40tsconfig%2Fnode10-1.0.8.tgz",
      "integrity": "sha1-weToDW+WT77LM1nEO9SLQPfK2tk=",
      "dev": true
    },
    "@tsconfig/node12": {
      "version": "1.0.9",
      "resolved": "https://registry.nlark.com/@tsconfig/node12/download/@tsconfig/node12-1.0.9.tgz",
      "integrity": "sha1-YsH23uLr2a6tgNw6+laBDljhoEw=",
      "dev": true
    },
    "@tsconfig/node14": {
      "version": "1.0.1",
      "resolved": "https://registry.nlark.com/@tsconfig/node14/download/@tsconfig/node14-1.0.1.tgz",
      "integrity": "sha1-lfLRZ/+5uNIGiwsjUwL6/U33EfI=",
      "dev": true
    },
    "@tsconfig/node16": {
      "version": "1.0.2",
      "resolved": "https://registry.nlark.com/@tsconfig/node16/download/@tsconfig/node16-1.0.2.tgz?cache=0&sync_timestamp=1626841076688&other_urls=https%3A%2F%2Fregistry.nlark.com%2F%40tsconfig%2Fnode16%2Fdownload%2F%40tsconfig%2Fnode16-1.0.2.tgz",
      "integrity": "sha1-Qjx3h30Fadsg4fyAiFrEEYMUAQ4=",
      "dev": true
    },
    "@types/node": {
      "version": "16.7.1",
      "resolved": "https://registry.nlark.com/@types/node/download/@types/node-16.7.1.tgz",
      "integrity": "sha1-xrkZgXjaUE38of0L6bLhAC8VhvA=",
      "dev": true
    },
    "acorn": {
      "version": "8.4.1",
      "resolved": "https://registry.nlark.com/acorn/download/acorn-8.4.1.tgz?cache=0&sync_timestamp=1624526855420&other_urls=https%3A%2F%2Fregistry.nlark.com%2Facorn%2Fdownload%2Facorn-8.4.1.tgz",
      "integrity": "sha1-VsNiUfx8q8cJatwY8Fr+gUMhoow=",
      "dev": true
    },
    "acorn-walk": {
      "version": "8.1.1",
      "resolved": "https://registry.nlark.com/acorn-walk/download/acorn-walk-8.1.1.tgz?cache=0&sync_timestamp=1624951990736&other_urls=https%3A%2F%2Fregistry.nlark.com%2Facorn-walk%2Fdownload%2Facorn-walk-8.1.1.tgz",
      "integrity": "sha1-Pdq3+E5KfiMT9sQUxbfayF9OPrw=",
      "dev": true
    },
    "arg": {
      "version": "4.1.3",
      "resolved": "https://registry.nlark.com/arg/download/arg-4.1.3.tgz?cache=0&sync_timestamp=1629166495886&other_urls=https%3A%2F%2Fregistry.nlark.com%2Farg%2Fdownload%2Farg-4.1.3.tgz",
      "integrity": "sha1-Jp/HrVuOQstjyJbVZmAXJhwUQIk=",
      "dev": true
    },
    "create-require": {
      "version": "1.1.1",
      "resolved": "https://registry.nlark.com/create-require/download/create-require-1.1.1.tgz",
      "integrity": "sha1-wdfo8eX2z8n/ZfnNNS03NIdWwzM=",
      "dev": true
    },
    "diff": {
      "version": "4.0.2",
      "resolved": "https://registry.nlark.com/diff/download/diff-4.0.2.tgz",
      "integrity": "sha1-YPOuy4nV+uUgwRqhnvwruYKq3n0=",
      "dev": true
    },
    "make-error": {
      "version": "1.3.6",
      "resolved": "https://registry.nlark.com/make-error/download/make-error-1.3.6.tgz",
      "integrity": "sha1-LrLjfqm2fEiR9oShOUeZr0hM96I=",
      "dev": true
    },
    "prisma": {
      "version": "2.29.1",
      "resolved": "https://registry.nlark.com/prisma/download/prisma-2.29.1.tgz?cache=0&sync_timestamp=1629727954894&other_urls=https%3A%2F%2Fregistry.nlark.com%2Fprisma%2Fdownload%2Fprisma-2.29.1.tgz",
      "integrity": "sha1-eEX1XH8JlVsB+XPGpLHzMMshLn0=",
      "requires": {
        "@prisma/engines": "2.29.0-34.1be4cd60b89afa04b192acb1ef47758a39810f3a"
      }
    },
    "ts-node": {
      "version": "10.2.1",
      "resolved": "https://registry.nlark.com/ts-node/download/ts-node-10.2.1.tgz?cache=0&sync_timestamp=1629307547797&other_urls=https%3A%2F%2Fregistry.nlark.com%2Fts-node%2Fdownload%2Fts-node-10.2.1.tgz",
      "integrity": "sha1-TMk76gp6uiF5SX5luwjd/BmLOrU=",
      "dev": true,
      "requires": {
        "@cspotcode/source-map-support": "0.6.1",
        "@tsconfig/node10": "^1.0.7",
        "@tsconfig/node12": "^1.0.7",
        "@tsconfig/node14": "^1.0.0",
        "@tsconfig/node16": "^1.0.2",
        "acorn": "^8.4.1",
        "acorn-walk": "^8.1.1",
        "arg": "^4.1.0",
        "create-require": "^1.1.0",
        "diff": "^4.0.1",
        "make-error": "^1.1.1",
        "yn": "3.1.1"
      }
    },
    "typescript": {
      "version": "4.3.5",
      "resolved": "https://registry.nlark.com/typescript/download/typescript-4.3.5.tgz?cache=0&sync_timestamp=1629703122920&other_urls=https%3A%2F%2Fregistry.nlark.com%2Ftypescript%2Fdownload%2Ftypescript-4.3.5.tgz",
      "integrity": "sha1-TRw3zBbok5c8RaBohrcRMjTxGfQ=",
      "dev": true
    },
    "yn": {
      "version": "3.1.1",
      "resolved": "https://registry.nlark.com/yn/download/yn-3.1.1.tgz",
      "integrity": "sha1-HodAGgnXZ8HV6rJqbkwYUYLS61A=",
      "dev": true
    }
  }
}
